
Microsoft Visual Studio Solution File, Format Version 12.00
# Visual Studio 15
VisualStudioVersion = 15.0.28010.2016
MinimumVisualStudioVersion = 10.0.40219.1
Project("{9A19103F-16F7-4668-BE54-9A1E7A4F7556}") = "ArgParser.Core", "ArgParser.Core\ArgParser.Core.csproj", "{3388C6B5-010D-427E-B0B2-17BED051AE9C}"
EndProject
Project("{9A19103F-16F7-4668-BE54-9A1E7A4F7556}") = "ArgParser.Styles", "ArgParser.Styles\ArgParser.Styles.csproj", "{5151703F-7881-485E-ABF5-A52076BD4B5E}"
EndProject
Project("{FAE04EC0-301F-11D3-BF4B-00C04F79EFBC}") = "ArgParser.Styles.Test", "ArgParser.Styles.Test\ArgParser.Styles.Test.csproj", "{69351204-B571-4AF2-B6A7-002D82618E99}"
EndProject
Project("{FAE04EC0-301F-11D3-BF4B-00C04F79EFBC}") = "ArgParser.Core.Test", "ArgParser.Core.Test\ArgParser.Core.Test.csproj", "{D56631DE-E221-4A1B-BC8B-22A8B3FAE17F}"
EndProject
Project("{FAE04EC0-301F-11D3-BF4B-00C04F79EFBC}") = "ArgParser.TestApp", "ArgParser.TestApp\ArgParser.TestApp.csproj", "{30888984-3A5B-4AD8-84AD-8C55A3696273}"
EndProject
Project("{9A19103F-16F7-4668-BE54-9A1E7A4F7556}") = "ArgParser.Testing.Common", "ArgParser.Testing.Common\ArgParser.Testing.Common.csproj", "{5B73286C-5EDE-46A2-BA78-B7A1FD61C5A6}"
EndProject
Project("{9A19103F-16F7-4668-BE54-9A1E7A4F7556}") = "ArgParser.Styles.Alba", "ArgParser.Styles.Alba\ArgParser.Styles.Alba.csproj", "{639A31A0-D932-48F6-A062-509E1663F551}"
EndProject
Project("{FAE04EC0-301F-11D3-BF4B-00C04F79EFBC}") = "ArgParser.Styles.Alba.Test", "ArgParser.Styles.Alba.Test\ArgParser.Styles.Alba.Test.csproj", "{72F20963-5138-4B6C-85F1-20B7CF49723B}"
EndProject
Global
	GlobalSection(SolutionConfigurationPlatforms) = preSolution
		Debug|Any CPU = Debug|Any CPU
		Release|Any CPU = Release|Any CPU
	EndGlobalSection
	GlobalSection(ProjectConfigurationPlatforms) = postSolution
		{3388C6B5-010D-427E-B0B2-17BED051AE9C}.Debug|Any CPU.ActiveCfg = Debug|Any CPU
		{3388C6B5-010D-427E-B0B2-17BED051AE9C}.Debug|Any CPU.Build.0 = Debug|Any CPU
		{3388C6B5-010D-427E-B0B2-17BED051AE9C}.Release|Any CPU.ActiveCfg = Release|Any CPU
		{3388C6B5-010D-427E-B0B2-17BED051AE9C}.Release|Any CPU.Build.0 = Release|Any CPU
		{5151703F-7881-485E-ABF5-A52076BD4B5E}.Debug|Any CPU.ActiveCfg = Debug|Any CPU
		{5151703F-7881-485E-ABF5-A52076BD4B5E}.Debug|Any CPU.Build.0 = Debug|Any CPU
		{5151703F-7881-485E-ABF5-A52076BD4B5E}.Release|Any CPU.ActiveCfg = Release|Any CPU
		{5151703F-7881-485E-ABF5-A52076BD4B5E}.Release|Any CPU.Build.0 = Release|Any CPU
		{69351204-B571-4AF2-B6A7-002D82618E99}.Debug|Any CPU.ActiveCfg = Debug|Any CPU
		{69351204-B571-4AF2-B6A7-002D82618E99}.Debug|Any CPU.Build.0 = Debug|Any CPU
		{69351204-B571-4AF2-B6A7-002D82618E99}.Release|Any CPU.ActiveCfg = Release|Any CPU
		{69351204-B571-4AF2-B6A7-002D82618E99}.Release|Any CPU.Build.0 = Release|Any CPU
		{D56631DE-E221-4A1B-BC8B-22A8B3FAE17F}.Debug|Any CPU.ActiveCfg = Debug|Any CPU
		{D56631DE-E221-4A1B-BC8B-22A8B3FAE17F}.Debug|Any CPU.Build.0 = Debug|Any CPU
		{D56631DE-E221-4A1B-BC8B-22A8B3FAE17F}.Release|Any CPU.ActiveCfg = Release|Any CPU
		{D56631DE-E221-4A1B-BC8B-22A8B3FAE17F}.Release|Any CPU.Build.0 = Release|Any CPU
		{30888984-3A5B-4AD8-84AD-8C55A3696273}.Debug|Any CPU.ActiveCfg = Debug|Any CPU
		{30888984-3A5B-4AD8-84AD-8C55A3696273}.Debug|Any CPU.Build.0 = Debug|Any CPU
		{30888984-3A5B-4AD8-84AD-8C55A3696273}.Release|Any CPU.ActiveCfg = Release|Any CPU
		{30888984-3A5B-4AD8-84AD-8C55A3696273}.Release|Any CPU.Build.0 = Release|Any CPU
		{5B73286C-5EDE-46A2-BA78-B7A1FD61C5A6}.Debug|Any CPU.ActiveCfg = Debug|Any CPU
		{5B73286C-5EDE-46A2-BA78-B7A1FD61C5A6}.Debug|Any CPU.Build.0 = Debug|Any CPU
		{5B73286C-5EDE-46A2-BA78-B7A1FD61C5A6}.Release|Any CPU.ActiveCfg = Release|Any CPU
		{5B73286C-5EDE-46A2-BA78-B7A1FD61C5A6}.Release|Any CPU.Build.0 = Release|Any CPU
		{639A31A0-D932-48F6-A062-509E1663F551}.Debug|Any CPU.ActiveCfg = Debug|Any CPU
		{639A31A0-D932-48F6-A062-509E1663F551}.Debug|Any CPU.Build.0 = Debug|Any CPU
		{639A31A0-D932-48F6-A062-509E1663F551}.Release|Any CPU.ActiveCfg = Release|Any CPU
		{639A31A0-D932-48F6-A062-509E1663F551}.Release|Any CPU.Build.0 = Release|Any CPU
		{72F20963-5138-4B6C-85F1-20B7CF49723B}.Debug|Any CPU.ActiveCfg = Debug|Any CPU
		{72F20963-5138-4B6C-85F1-20B7CF49723B}.Debug|Any CPU.Build.0 = Debug|Any CPU
		{72F20963-5138-4B6C-85F1-20B7CF49723B}.Release|Any CPU.ActiveCfg = Release|Any CPU
		{72F20963-5138-4B6C-85F1-20B7CF49723B}.Release|Any CPU.Build.0 = Release|Any CPU
	EndGlobalSection
	GlobalSection(SolutionProperties) = preSolution
		HideSolutionNode = FALSE
	EndGlobalSection
	GlobalSection(ExtensibilityGlobals) = postSolution
		SolutionGuid = {A6632CB7-6A85-448D-B4D0-9087C50C5758}
	EndGlobalSection
EndGlobal
