
Microsoft Visual Studio Solution File, Format Version 12.00
# Visual Studio 15
VisualStudioVersion = 15.0.28010.2016
MinimumVisualStudioVersion = 10.0.40219.1
Project("{9A19103F-16F7-4668-BE54-9A1E7A4F7556}") = "ArgParser.Core", "ArgParser.Core\ArgParser.Core.csproj", "{1E5FD54F-B5A9-4638-A216-2292F6393664}"
EndProject
Project("{FAE04EC0-301F-11D3-BF4B-00C04F79EFBC}") = "ArgParser.Core.Test", "ArgParser.Core.Test\ArgParser.Core.Test.csproj", "{0D1B2C1C-DD60-4AAE-879C-04628D173C81}"
EndProject
Project("{FAE04EC0-301F-11D3-BF4B-00C04F79EFBC}") = "ArgParser.TestConsole", "ArgParser.TestConsole\ArgParser.TestConsole.csproj", "{FCCC41E9-E7C0-4BF5-A420-84490D98D599}"
EndProject
Project("{FAE04EC0-301F-11D3-BF4B-00C04F79EFBC}") = "ArgParser.IntegrationTests", "ArgParser.IntegrationTests\ArgParser.IntegrationTests.csproj", "{4132E2E2-8EF1-48C2-AC24-DCA8A8C0C5BC}"
EndProject
Global
	GlobalSection(SolutionConfigurationPlatforms) = preSolution
		Debug|Any CPU = Debug|Any CPU
		Release|Any CPU = Release|Any CPU
	EndGlobalSection
	GlobalSection(ProjectConfigurationPlatforms) = postSolution
		{1E5FD54F-B5A9-4638-A216-2292F6393664}.Debug|Any CPU.ActiveCfg = Debug|Any CPU
		{1E5FD54F-B5A9-4638-A216-2292F6393664}.Debug|Any CPU.Build.0 = Debug|Any CPU
		{1E5FD54F-B5A9-4638-A216-2292F6393664}.Release|Any CPU.ActiveCfg = Release|Any CPU
		{1E5FD54F-B5A9-4638-A216-2292F6393664}.Release|Any CPU.Build.0 = Release|Any CPU
		{0D1B2C1C-DD60-4AAE-879C-04628D173C81}.Debug|Any CPU.ActiveCfg = Debug|Any CPU
		{0D1B2C1C-DD60-4AAE-879C-04628D173C81}.Debug|Any CPU.Build.0 = Debug|Any CPU
		{0D1B2C1C-DD60-4AAE-879C-04628D173C81}.Release|Any CPU.ActiveCfg = Release|Any CPU
		{0D1B2C1C-DD60-4AAE-879C-04628D173C81}.Release|Any CPU.Build.0 = Release|Any CPU
		{FCCC41E9-E7C0-4BF5-A420-84490D98D599}.Debug|Any CPU.ActiveCfg = Debug|Any CPU
		{FCCC41E9-E7C0-4BF5-A420-84490D98D599}.Debug|Any CPU.Build.0 = Debug|Any CPU
		{FCCC41E9-E7C0-4BF5-A420-84490D98D599}.Release|Any CPU.ActiveCfg = Release|Any CPU
		{FCCC41E9-E7C0-4BF5-A420-84490D98D599}.Release|Any CPU.Build.0 = Release|Any CPU
		{4132E2E2-8EF1-48C2-AC24-DCA8A8C0C5BC}.Debug|Any CPU.ActiveCfg = Debug|Any CPU
		{4132E2E2-8EF1-48C2-AC24-DCA8A8C0C5BC}.Debug|Any CPU.Build.0 = Debug|Any CPU
		{4132E2E2-8EF1-48C2-AC24-DCA8A8C0C5BC}.Release|Any CPU.ActiveCfg = Release|Any CPU
		{4132E2E2-8EF1-48C2-AC24-DCA8A8C0C5BC}.Release|Any CPU.Build.0 = Release|Any CPU
	EndGlobalSection
	GlobalSection(SolutionProperties) = preSolution
		HideSolutionNode = FALSE
	EndGlobalSection
	GlobalSection(ExtensibilityGlobals) = postSolution
		SolutionGuid = {A6632CB7-6A85-448D-B4D0-9087C50C5758}
	EndGlobalSection
EndGlobal
